# THIS IS AN AUTOGENERATED FILE. DO NOT EDIT THIS FILE DIRECTLY.
# yarn lockfile v1


j2c@^1.0.0-4:
  version "1.0.0-4"
  resolved "https://registry.yarnpkg.com/j2c/-/j2c-1.0.0-4.tgz#a1c85b2b8bc4f71cb8f8bb53e8b396fa3fd899f0"

mithril@^1.0.0:
  version "1.1.1"
  resolved "https://registry.yarnpkg.com/mithril/-/mithril-1.1.1.tgz#0c98644c90503eec2187f66a851ba4053c4a5d66"

resize-observer-polyfill@^1.4.2:
  version "1.4.2"
  resolved "https://registry.yarnpkg.com/resize-observer-polyfill/-/resize-observer-polyfill-1.4.2.tgz#a37198e6209e888acb1532a9968e06d38b6788e5"

verge@^1.9.1:
  version "1.9.1"
  resolved "https://registry.yarnpkg.com/verge/-/verge-1.9.1.tgz#ce90edfea200e264480bce6b8aa54c6931c3aa7d"
